// !$*UTF8*$!
{
	archiveVersion = 1;
	classes = {
	};
	objectVersion = 56;
	objects = {

/* Begin PBXBuildFile section */
		B00100000000000000000001 /* SSLAMMenuBarApp.swift in Sources */ = {isa = PBXBuildFile; fileRef = F00100000000000000000001 /* SSLAMMenuBarApp.swift */; };
		B00100000000000000000002 /* DetectionEvent.swift in Sources */ = {isa = PBXBuildFile; fileRef = F00100000000000000000002 /* DetectionEvent.swift */; };
		B00100000000000000000003 /* DetectionFeed.swift in Sources */ = {isa = PBXBuildFile; fileRef = F00100000000000000000003 /* DetectionFeed.swift */; };
		B00100000000000000000004 /* MockDetectionFeed.swift in Sources */ = {isa = PBXBuildFile; fileRef = F00100000000000000000004 /* MockDetectionFeed.swift */; };
		B00100000000000000000005 /* AppState.swift in Sources */ = {isa = PBXBuildFile; fileRef = F00100000000000000000005 /* AppState.swift */; };
		B00100000000000000000006 /* MenuBarLabelView.swift in Sources */ = {isa = PBXBuildFile; fileRef = F00100000000000000000006 /* MenuBarLabelView.swift */; };
		B00100000000000000000007 /* MenuCommandsView.swift in Sources */ = {isa = PBXBuildFile; fileRef = F00100000000000000000007 /* MenuCommandsView.swift */; };
		B00100000000000000000008 /* LogView.swift in Sources */ = {isa = PBXBuildFile; fileRef = F00100000000000000000008 /* LogView.swift */; };
		B00100000000000000000009 /* SettingsView.swift in Sources */ = {isa = PBXBuildFile; fileRef = F00100000000000000000009 /* SettingsView.swift */; };
		B0010000000000000000000A /* AboutView.swift in Sources */ = {isa = PBXBuildFile; fileRef = F0010000000000000000000A /* AboutView.swift */; };
		B0010000000000000000000B /* Assets.xcassets in Resources */ = {isa = PBXBuildFile; fileRef = F0010000000000000000000B /* Assets.xcassets */; };
		B0010000000000000000000C /* DetectionEventTests.swift in Sources */ = {isa = PBXBuildFile; fileRef = F0010000000000000000000C /* DetectionEventTests.swift */; };
/* End PBXBuildFile section */

/* Begin PBXFileReference section */
		E00100000000000000000001 /* SSLAMMenuBar.app */ = {isa = PBXFileReference; explicitFileType = wrapper.application; includeInIndex = 0; path = SSLAMMenuBar.app; sourceTree = BUILT_PRODUCTS_DIR; };
		F00100000000000000000001 /* SSLAMMenuBarApp.swift */ = {isa = PBXFileReference; lastKnownFileType = sourcecode.swift; path = SSLAMMenuBarApp.swift; sourceTree = "<group>"; };
		F00100000000000000000002 /* DetectionEvent.swift */ = {isa = PBXFileReference; lastKnownFileType = sourcecode.swift; path = DetectionEvent.swift; sourceTree = "<group>"; };
		F00100000000000000000003 /* DetectionFeed.swift */ = {isa = PBXFileReference; lastKnownFileType = sourcecode.swift; path = DetectionFeed.swift; sourceTree = "<group>"; };
		F00100000000000000000004 /* MockDetectionFeed.swift */ = {isa = PBXFileReference; lastKnownFileType = sourcecode.swift; path = MockDetectionFeed.swift; sourceTree = "<group>"; };
		F00100000000000000000005 /* AppState.swift */ = {isa = PBXFileReference; lastKnownFileType = sourcecode.swift; path = AppState.swift; sourceTree = "<group>"; };
		F00100000000000000000006 /* MenuBarLabelView.swift */ = {isa = PBXFileReference; lastKnownFileType = sourcecode.swift; path = MenuBarLabelView.swift; sourceTree = "<group>"; };
		F00100000000000000000007 /* MenuCommandsView.swift */ = {isa = PBXFileReference; lastKnownFileType = sourcecode.swift; path = MenuCommandsView.swift; sourceTree = "<group>"; };
		F00100000000000000000008 /* LogView.swift */ = {isa = PBXFileReference; lastKnownFileType = sourcecode.swift; path = LogView.swift; sourceTree = "<group>"; };
		F00100000000000000000009 /* SettingsView.swift */ = {isa = PBXFileReference; lastKnownFileType = sourcecode.swift; path = SettingsView.swift; sourceTree = "<group>"; };
		F0010000000000000000000A /* AboutView.swift */ = {isa = PBXFileReference; lastKnownFileType = sourcecode.swift; path = AboutView.swift; sourceTree = "<group>"; };
		F0010000000000000000000B /* Assets.xcassets */ = {isa = PBXFileReference; lastKnownFileType = folder.assetcatalog; path = Assets.xcassets; sourceTree = "<group>"; };
		F0010000000000000000000C /* DetectionEventTests.swift */ = {isa = PBXFileReference; lastKnownFileType = sourcecode.swift; path = DetectionEventTests.swift; sourceTree = "<group>"; };
		E00100000000000000000002 /* SSLAMMenuBarTests.xctest */ = {isa = PBXFileReference; explicitFileType = wrapper.cfbundle; includeInIndex = 0; path = SSLAMMenuBarTests.xctest; sourceTree = BUILT_PRODUCTS_DIR; };
/* End PBXFileReference section */

/* Begin PBXContainerItemProxy section */
		R00100000000000000000001 /* PBXContainerItemProxy */ = {
			isa = PBXContainerItemProxy;
			containerPortal = P00100000000000000000001 /* Project object */;
			proxyType = 1;
			remoteGlobalIDString = T00100000000000000000001;
			remoteInfo = SSLAMMenuBar;
		};
/* End PBXContainerItemProxy section */

/* Begin PBXFrameworksBuildPhase section */
		C00100000000000000000003 /* Frameworks */ = {
			isa = PBXFrameworksBuildPhase;
			buildActionMask = 2147483647;
			files = (
			);
			runOnlyForDeploymentPostprocessing = 0;
		};
		C00100000000000000000004 /* Frameworks */ = {
			isa = PBXFrameworksBuildPhase;
			buildActionMask = 2147483647;
			files = (
			);
			runOnlyForDeploymentPostprocessing = 0;
		};
/* End PBXFrameworksBuildPhase section */

/* Begin PBXGroup section */
		G00100000000000000000001 = {
			isa = PBXGroup;
			children = (
				G00100000000000000000002 /* SSLAMMenuBar */,
				G00100000000000000000008 /* SSLAMMenuBarTests */,
				G00100000000000000000003 /* Products */,
			);
			sourceTree = "<group>";
		};
		G00100000000000000000002 /* SSLAMMenuBar */ = {
			isa = PBXGroup;
			children = (
				F00100000000000000000001 /* SSLAMMenuBarApp.swift */,
				G00100000000000000000004 /* Models */,
				G00100000000000000000005 /* Services */,
				G00100000000000000000006 /* ViewModels */,
				G00100000000000000000007 /* Views */,
				F0010000000000000000000B /* Assets.xcassets */,
			);
			path = SSLAMMenuBar;
			sourceTree = "<group>";
		};
		G00100000000000000000003 /* Products */ = {
			isa = PBXGroup;
			children = (
				E00100000000000000000001 /* SSLAMMenuBar.app */,
				E00100000000000000000002 /* SSLAMMenuBarTests.xctest */,
			);
			name = Products;
			sourceTree = "<group>";
		};
		G00100000000000000000008 /* SSLAMMenuBarTests */ = {
			isa = PBXGroup;
			children = (
				F0010000000000000000000C /* DetectionEventTests.swift */,
			);
			path = SSLAMMenuBarTests;
			sourceTree = "<group>";
		};
		G00100000000000000000004 /* Models */ = {
			isa = PBXGroup;
			children = (
				F00100000000000000000002 /* DetectionEvent.swift */,
			);
			path = Models;
			sourceTree = "<group>";
		};
		G00100000000000000000005 /* Services */ = {
			isa = PBXGroup;
			children = (
				F00100000000000000000003 /* DetectionFeed.swift */,
				F00100000000000000000004 /* MockDetectionFeed.swift */,
			);
			path = Services;
			sourceTree = "<group>";
		};
		G00100000000000000000006 /* ViewModels */ = {
			isa = PBXGroup;
			children = (
				F00100000000000000000005 /* AppState.swift */,
			);
			path = ViewModels;
			sourceTree = "<group>";
		};
		G00100000000000000000007 /* Views */ = {
			isa = PBXGroup;
			children = (
				F00100000000000000000006 /* MenuBarLabelView.swift */,
				F00100000000000000000007 /* MenuCommandsView.swift */,
				F00100000000000000000008 /* LogView.swift */,
				F00100000000000000000009 /* SettingsView.swift */,
				F0010000000000000000000A /* AboutView.swift */,
			);
			path = Views;
			sourceTree = "<group>";
		};
/* End PBXGroup section */

/* Begin PBXNativeTarget section */
		T00100000000000000000001 /* SSLAMMenuBar */ = {
			isa = PBXNativeTarget;
			buildConfigurationList = L00100000000000000000002 /* Build configuration list for PBXNativeTarget "SSLAMMenuBar" */;
			buildPhases = (
				C00100000000000000000001 /* Sources */,
				C00100000000000000000003 /* Frameworks */,
				C00100000000000000000002 /* Resources */,
			);
			buildRules = (
			);
			dependencies = (
			);
			name = SSLAMMenuBar;
			productName = SSLAMMenuBar;
			productReference = E00100000000000000000001 /* SSLAMMenuBar.app */;
			productType = "com.apple.product-type.application";
		};
		T00100000000000000000002 /* SSLAMMenuBarTests */ = {
			isa = PBXNativeTarget;
			buildConfigurationList = L00100000000000000000003 /* Build configuration list for PBXNativeTarget "SSLAMMenuBarTests" */;
			buildPhases = (
				C00100000000000000000005 /* Sources */,
				C00100000000000000000004 /* Frameworks */,
				C00100000000000000000006 /* Resources */,
			);
			buildRules = (
			);
			dependencies = (
				D00100000000000000000001 /* PBXTargetDependency */,
			);
			name = SSLAMMenuBarTests;
			productName = SSLAMMenuBarTests;
			productReference = E00100000000000000000002 /* SSLAMMenuBarTests.xctest */;
			productType = "com.apple.product-type.bundle.unit-test";
		};
/* End PBXNativeTarget section */

/* Begin PBXProject section */
		P00100000000000000000001 /* Project object */ = {
			isa = PBXProject;
			attributes = {
				BuildIndependentTargetsInParallel = 1;
				LastSwiftUpdateCheck = 1600;
				LastUpgradeCheck = 1600;
				TargetAttributes = {
					T00100000000000000000001 = {
						CreatedOnToolsVersion = 16.0;
					};
				};
			};
			buildConfigurationList = L00100000000000000000001 /* Build configuration list for PBXProject "SSLAMMenuBar" */;
			compatibilityVersion = "Xcode 15.0";
			developmentRegion = en;
			hasScannedForEncodings = 0;
			knownRegions = (
				en,
				Base,
			);
			mainGroup = G00100000000000000000001;
			productRefGroup = G00100000000000000000003 /* Products */;
			projectDirPath = "";
			projectRoot = "";
			targets = (
				T00100000000000000000001 /* SSLAMMenuBar */,
				T00100000000000000000002 /* SSLAMMenuBarTests */,
			);
		};
/* End PBXProject section */

/* Begin PBXResourcesBuildPhase section */
		C00100000000000000000002 /* Resources */ = {
			isa = PBXResourcesBuildPhase;
			buildActionMask = 2147483647;
			files = (
				B0010000000000000000000B /* Assets.xcassets in Resources */,
			);
			runOnlyForDeploymentPostprocessing = 0;
		};
		C00100000000000000000006 /* Resources */ = {
			isa = PBXResourcesBuildPhase;
			buildActionMask = 2147483647;
			files = (
			);
			runOnlyForDeploymentPostprocessing = 0;
		};
/* End PBXResourcesBuildPhase section */

/* Begin PBXSourcesBuildPhase section */
		C00100000000000000000001 /* Sources */ = {
			isa = PBXSourcesBuildPhase;
			buildActionMask = 2147483647;
			files = (
				B00100000000000000000001 /* SSLAMMenuBarApp.swift in Sources */,
				B00100000000000000000002 /* DetectionEvent.swift in Sources */,
				B00100000000000000000003 /* DetectionFeed.swift in Sources */,
				B00100000000000000000004 /* MockDetectionFeed.swift in Sources */,
				B00100000000000000000005 /* AppState.swift in Sources */,
				B00100000000000000000006 /* MenuBarLabelView.swift in Sources */,
				B00100000000000000000007 /* MenuCommandsView.swift in Sources */,
				B00100000000000000000008 /* LogView.swift in Sources */,
				B00100000000000000000009 /* SettingsView.swift in Sources */,
				B0010000000000000000000A /* AboutView.swift in Sources */,
			);
			runOnlyForDeploymentPostprocessing = 0;
		};
		C00100000000000000000005 /* Sources */ = {
			isa = PBXSourcesBuildPhase;
			buildActionMask = 2147483647;
			files = (
				B0010000000000000000000C /* DetectionEventTests.swift in Sources */,
			);
			runOnlyForDeploymentPostprocessing = 0;
		};
/* End PBXSourcesBuildPhase section */

/* Begin PBXTargetDependency section */
		D00100000000000000000001 /* PBXTargetDependency */ = {
			isa = PBXTargetDependency;
			target = T00100000000000000000001 /* SSLAMMenuBar */;
			targetProxy = R00100000000000000000001 /* PBXContainerItemProxy */;
		};
/* End PBXTargetDependency section */

/* Begin XCBuildConfiguration section */
		X00100000000000000000001 /* Debug */ = {
			isa = XCBuildConfiguration;
			buildSettings = {
				ALWAYS_SEARCH_USER_PATHS = NO;
				ASSETCATALOG_COMPILER_GENERATE_SWIFT_ASSET_SYMBOL_EXTENSIONS = YES;
				CLANG_ANALYZER_NONNULL = YES;
				CLANG_ENABLE_MODULES = YES;
				CLANG_ENABLE_OBJC_ARC = YES;
				COPY_PHASE_STRIP = NO;
				DEBUG_INFORMATION_FORMAT = dwarf;
				ENABLE_STRICT_OBJC_MSGSEND = YES;
				ENABLE_TESTABILITY = YES;
				GCC_DYNAMIC_NO_PIC = NO;
				GCC_OPTIMIZATION_LEVEL = 0;
				GCC_PREPROCESSOR_DEFINITIONS = (
					"DEBUG=1",
					"$(inherited)",
				);
				MACOSX_DEPLOYMENT_TARGET = 14.0;
				ONLY_ACTIVE_ARCH = YES;
				SDKROOT = macosx;
				SWIFT_ACTIVE_COMPILATION_CONDITIONS = "DEBUG $(inherited)";
				SWIFT_OPTIMIZATION_LEVEL = "-Onone";
			};
			name = Debug;
		};
		X00100000000000000000002 /* Release */ = {
			isa = XCBuildConfiguration;
			buildSettings = {
				ALWAYS_SEARCH_USER_PATHS = NO;
				ASSETCATALOG_COMPILER_GENERATE_SWIFT_ASSET_SYMBOL_EXTENSIONS = YES;
				CLANG_ANALYZER_NONNULL = YES;
				CLANG_ENABLE_MODULES = YES;
				CLANG_ENABLE_OBJC_ARC = YES;
				COPY_PHASE_STRIP = NO;
				DEBUG_INFORMATION_FORMAT = "dwarf-with-dsym";
				ENABLE_STRICT_OBJC_MSGSEND = YES;
				GCC_OPTIMIZATION_LEVEL = s;
				MACOSX_DEPLOYMENT_TARGET = 14.0;
				SDKROOT = macosx;
				SWIFT_COMPILATION_MODE = wholemodule;
			};
			name = Release;
		};
		X00100000000000000000003 /* Debug */ = {
			isa = XCBuildConfiguration;
			buildSettings = {
				ASSETCATALOG_COMPILER_APPICON_NAME = AppIcon;
				ASSETCATALOG_COMPILER_GLOBAL_ACCENT_COLOR_NAME = AccentColor;
				CODE_SIGN_STYLE = Automatic;
				COMBINE_HIDPI_IMAGES = YES;
				CURRENT_PROJECT_VERSION = 1;
				DEVELOPMENT_TEAM = "";
				ENABLE_HARDENED_RUNTIME = YES;
				GENERATE_INFOPLIST_FILE = YES;
				INFOPLIST_KEY_LSUIElement = YES;
				INFOPLIST_KEY_NSHumanReadableCopyright = "";
				LD_RUNPATH_SEARCH_PATHS = (
					"$(inherited)",
					"@executable_path/../Frameworks",
				);
				MARKETING_VERSION = 1.0;
				PRODUCT_BUNDLE_IDENTIFIER = com.sslam.SSLAMMenuBar;
				PRODUCT_NAME = "$(TARGET_NAME)";
				SWIFT_EMIT_LOC_STRINGS = YES;
				SWIFT_VERSION = 5.0;
			};
			name = Debug;
		};
		X00100000000000000000004 /* Release */ = {
			isa = XCBuildConfiguration;
			buildSettings = {
				ASSETCATALOG_COMPILER_APPICON_NAME = AppIcon;
				ASSETCATALOG_COMPILER_GLOBAL_ACCENT_COLOR_NAME = AccentColor;
				CODE_SIGN_STYLE = Automatic;
				COMBINE_HIDPI_IMAGES = YES;
				CURRENT_PROJECT_VERSION = 1;
				DEVELOPMENT_TEAM = "";
				ENABLE_HARDENED_RUNTIME = YES;
				GENERATE_INFOPLIST_FILE = YES;
				INFOPLIST_KEY_LSUIElement = YES;
				INFOPLIST_KEY_NSHumanReadableCopyright = "";
				LD_RUNPATH_SEARCH_PATHS = (
					"$(inherited)",
					"@executable_path/../Frameworks",
				);
				MARKETING_VERSION = 1.0;
				PRODUCT_BUNDLE_IDENTIFIER = com.sslam.SSLAMMenuBar;
				PRODUCT_NAME = "$(TARGET_NAME)";
				SWIFT_EMIT_LOC_STRINGS = YES;
				SWIFT_VERSION = 5.0;
			};
			name = Release;
		};
		X00100000000000000000005 /* Debug */ = {
			isa = XCBuildConfiguration;
			buildSettings = {
				BUNDLE_LOADER = "$(TEST_HOST)";
				CODE_SIGN_STYLE = Automatic;
				CURRENT_PROJECT_VERSION = 1;
				GENERATE_INFOPLIST_FILE = YES;
				MACOSX_DEPLOYMENT_TARGET = 14.0;
				MARKETING_VERSION = 1.0;
				PRODUCT_BUNDLE_IDENTIFIER = com.sslam.SSLAMMenuBarTests;
				PRODUCT_NAME = "$(TARGET_NAME)";
				SWIFT_EMIT_LOC_STRINGS = NO;
				SWIFT_VERSION = 5.0;
				TEST_HOST = "$(BUILT_PRODUCTS_DIR)/SSLAMMenuBar.app/$(BUNDLE_EXECUTABLE_FOLDER_PATH)/SSLAMMenuBar";
			};
			name = Debug;
		};
		X00100000000000000000006 /* Release */ = {
			isa = XCBuildConfiguration;
			buildSettings = {
				BUNDLE_LOADER = "$(TEST_HOST)";
				CODE_SIGN_STYLE = Automatic;
				CURRENT_PROJECT_VERSION = 1;
				GENERATE_INFOPLIST_FILE = YES;
				MACOSX_DEPLOYMENT_TARGET = 14.0;
				MARKETING_VERSION = 1.0;
				PRODUCT_BUNDLE_IDENTIFIER = com.sslam.SSLAMMenuBarTests;
				PRODUCT_NAME = "$(TARGET_NAME)";
				SWIFT_EMIT_LOC_STRINGS = NO;
				SWIFT_VERSION = 5.0;
				TEST_HOST = "$(BUILT_PRODUCTS_DIR)/SSLAMMenuBar.app/$(BUNDLE_EXECUTABLE_FOLDER_PATH)/SSLAMMenuBar";
			};
			name = Release;
		};
/* End XCBuildConfiguration section */

/* Begin XCConfigurationList section */
		L00100000000000000000001 /* Build configuration list for PBXProject "SSLAMMenuBar" */ = {
			isa = XCConfigurationList;
			buildConfigurations = (
				X00100000000000000000001 /* Debug */,
				X00100000000000000000002 /* Release */,
			);
			defaultConfigurationIsVisible = 0;
			defaultConfigurationName = Release;
		};
		L00100000000000000000002 /* Build configuration list for PBXNativeTarget "SSLAMMenuBar" */ = {
			isa = XCConfigurationList;
			buildConfigurations = (
				X00100000000000000000003 /* Debug */,
				X00100000000000000000004 /* Release */,
			);
			defaultConfigurationIsVisible = 0;
			defaultConfigurationName = Release;
		};
		L00100000000000000000003 /* Build configuration list for PBXNativeTarget "SSLAMMenuBarTests" */ = {
			isa = XCConfigurationList;
			buildConfigurations = (
				X00100000000000000000005 /* Debug */,
				X00100000000000000000006 /* Release */,
			);
			defaultConfigurationIsVisible = 0;
			defaultConfigurationName = Release;
		};
/* End XCConfigurationList section */
	};
	rootObject = P00100000000000000000001 /* Project object */;
}
